// !$*UTF8*$!
{
	archiveVersion = 1;
	classes = {
	};
	objectVersion = 77;
	objects = {

/* Begin PBXBuildFile section */
		05ADF2030E5861781198DA1B /* UnitPositiveTests.swift in Sources */ = {isa = PBXBuildFile; fileRef = DDC54AA96E93B5ABA535D695 /* UnitPositiveTests.swift */; };
		25D823E92068B5ED728F0BA2 /* UnitNegativeTests.swift in Sources */ = {isa = PBXBuildFile; fileRef = DB64ABDE6D1BCDDA0900CA91 /* UnitNegativeTests.swift */; };
		2BE5CDEF3D373057F72AF294 /* GoogleSignIn in Frameworks */ = {isa = PBXBuildFile; productRef = 1B2F658FFCC6E497932EB5E1 /* GoogleSignIn */; };
		3FFA600ACA6A8AA43B56AF17 /* IntegrationPositiveTests.swift in Sources */ = {isa = PBXBuildFile; fileRef = 2D751D86A53B99D3A7671C7A /* IntegrationPositiveTests.swift */; };
		471AC410750E1BBBB89BDBDC /* Models.swift in Sources */ = {isa = PBXBuildFile; fileRef = CF58A4FC46A48C3BEAA7E13E /* Models.swift */; };
		58D9FB99984C3C9DE6B8E2A5 /* PomodoroughApp.swift in Sources */ = {isa = PBXBuildFile; fileRef = EDD5C1A7BCAC4E8DC9B69286 /* PomodoroughApp.swift */; };
		5C5F3C5C652265C7C81ACB31 /* AppModel.swift in Sources */ = {isa = PBXBuildFile; fileRef = 3D641D6CAC2F40A338AAC120 /* AppModel.swift */; };
		6489DB8DEDA781EDD7C19DF6 /* GoogleAuthService.swift in Sources */ = {isa = PBXBuildFile; fileRef = 3C24F7A45B3B70459A21180A /* GoogleAuthService.swift */; };
		83CBB05092621687C1CD6752 /* APIClient.swift in Sources */ = {isa = PBXBuildFile; fileRef = 5763B6AA139E86DBCDE4D11C /* APIClient.swift */; };
		8FCBB3E45762191D6D5DB0E0 /* TimerAlarmScheduler.swift in Sources */ = {isa = PBXBuildFile; fileRef = 6FCD013ABB0FD83204A7E89B /* TimerAlarmScheduler.swift */; };
		94DAD594DE4C0DDB7BC40D7A /* APIClient.swift in Sources */ = {isa = PBXBuildFile; fileRef = 5763B6AA139E86DBCDE4D11C /* APIClient.swift */; };
		98B4B39B908271919830386D /* IntegrationNegativeTests.swift in Sources */ = {isa = PBXBuildFile; fileRef = 7A9EF6C016264040BCC0B92D /* IntegrationNegativeTests.swift */; };
		A77B9E5B4D71B5AD19D2D931 /* GoogleAuthService.swift in Sources */ = {isa = PBXBuildFile; fileRef = 3C24F7A45B3B70459A21180A /* GoogleAuthService.swift */; };
		A8A4A9DDE702DE6C2EB47885 /* TestSupport.swift in Sources */ = {isa = PBXBuildFile; fileRef = 6DDB19D3B83EA6B9769F9D5E /* TestSupport.swift */; };
		AB492C16E7AF250315F8F18C /* GoogleSignInSwift in Frameworks */ = {isa = PBXBuildFile; productRef = 35AA0AE6D9C79D57FA24B1BD /* GoogleSignInSwift */; };
		AD39F854C2880ADC57743E1F /* Views.swift in Sources */ = {isa = PBXBuildFile; fileRef = E58D7FE3469640FD437B5909 /* Views.swift */; };
		B07D8AF9405E6B21B227E084 /* Models.swift in Sources */ = {isa = PBXBuildFile; fileRef = CF58A4FC46A48C3BEAA7E13E /* Models.swift */; };
		B2295D5A227E68C6503F6D36 /* PomodoroughApp.swift in Sources */ = {isa = PBXBuildFile; fileRef = EDD5C1A7BCAC4E8DC9B69286 /* PomodoroughApp.swift */; };
		C0725FE9385C24B7F5C728E8 /* Assets.xcassets in Resources */ = {isa = PBXBuildFile; fileRef = A07D519989D4A2F8C108C3BE /* Assets.xcassets */; };
		D31A942F600F2AD2BD57150D /* GoogleSignInSwift in Frameworks */ = {isa = PBXBuildFile; productRef = 0EE041835DA15370CCB79786 /* GoogleSignInSwift */; };
		D33FAB5D214DE97A6B1B9AC7 /* AppModel.swift in Sources */ = {isa = PBXBuildFile; fileRef = 3D641D6CAC2F40A338AAC120 /* AppModel.swift */; };
		D71BC324CAE1DF74369577E1 /* GoogleSignIn in Frameworks */ = {isa = PBXBuildFile; productRef = 7A7020DD3D1717913BB5F1D8 /* GoogleSignIn */; };
		DE4287D68F65F02C32291ED7 /* KeychainStore.swift in Sources */ = {isa = PBXBuildFile; fileRef = CE7E580D67B2F342466E4D82 /* KeychainStore.swift */; };
		E8586324CE793E09F7EDC876 /* TimerAlarmScheduler.swift in Sources */ = {isa = PBXBuildFile; fileRef = 6FCD013ABB0FD83204A7E89B /* TimerAlarmScheduler.swift */; };
		F3DC0C00F8130BAE92CCC641 /* Views.swift in Sources */ = {isa = PBXBuildFile; fileRef = E58D7FE3469640FD437B5909 /* Views.swift */; };
		F96B0C5F596F1D64DE3D07D7 /* KeychainStore.swift in Sources */ = {isa = PBXBuildFile; fileRef = CE7E580D67B2F342466E4D82 /* KeychainStore.swift */; };
/* End PBXBuildFile section */

/* Begin PBXContainerItemProxy section */
		6091EC0A6291BF0D6B934DC7 /* PBXContainerItemProxy */ = {
			isa = PBXContainerItemProxy;
			containerPortal = E83323A28E5C29E2DB0C0729 /* Project object */;
			proxyType = 1;
			remoteGlobalIDString = BEFBBBD85527B968D0F33FCE;
			remoteInfo = "Pomodorough-iOS";
		};
/* End PBXContainerItemProxy section */

/* Begin PBXFileReference section */
		2D751D86A53B99D3A7671C7A /* IntegrationPositiveTests.swift */ = {isa = PBXFileReference; lastKnownFileType = sourcecode.swift; path = IntegrationPositiveTests.swift; sourceTree = "<group>"; };
		30BB1F81B219C5226BF0B212 /* Pomodorough-iOS.app */ = {isa = PBXFileReference; includeInIndex = 0; lastKnownFileType = wrapper.application; path = "Pomodorough-iOS.app"; sourceTree = BUILT_PRODUCTS_DIR; };
		3C24F7A45B3B70459A21180A /* GoogleAuthService.swift */ = {isa = PBXFileReference; lastKnownFileType = sourcecode.swift; path = GoogleAuthService.swift; sourceTree = "<group>"; };
		3D641D6CAC2F40A338AAC120 /* AppModel.swift */ = {isa = PBXFileReference; lastKnownFileType = sourcecode.swift; path = AppModel.swift; sourceTree = "<group>"; };
		5763B6AA139E86DBCDE4D11C /* APIClient.swift */ = {isa = PBXFileReference; lastKnownFileType = sourcecode.swift; path = APIClient.swift; sourceTree = "<group>"; };
		6DDB19D3B83EA6B9769F9D5E /* TestSupport.swift */ = {isa = PBXFileReference; lastKnownFileType = sourcecode.swift; path = TestSupport.swift; sourceTree = "<group>"; };
		6FCD013ABB0FD83204A7E89B /* TimerAlarmScheduler.swift */ = {isa = PBXFileReference; lastKnownFileType = sourcecode.swift; path = TimerAlarmScheduler.swift; sourceTree = "<group>"; };
		7A9EF6C016264040BCC0B92D /* IntegrationNegativeTests.swift */ = {isa = PBXFileReference; lastKnownFileType = sourcecode.swift; path = IntegrationNegativeTests.swift; sourceTree = "<group>"; };
		A07D519989D4A2F8C108C3BE /* Assets.xcassets */ = {isa = PBXFileReference; lastKnownFileType = folder.assetcatalog; path = Assets.xcassets; sourceTree = "<group>"; };
		A543B78D3746FBC6C1F0A98C /* Pomodorough-macOS.app */ = {isa = PBXFileReference; explicitFileType = wrapper.application; includeInIndex = 0; path = "Pomodorough-macOS.app"; sourceTree = BUILT_PRODUCTS_DIR; };
		CE7E580D67B2F342466E4D82 /* KeychainStore.swift */ = {isa = PBXFileReference; lastKnownFileType = sourcecode.swift; path = KeychainStore.swift; sourceTree = "<group>"; };
		CF58A4FC46A48C3BEAA7E13E /* Models.swift */ = {isa = PBXFileReference; lastKnownFileType = sourcecode.swift; path = Models.swift; sourceTree = "<group>"; };
		DB64ABDE6D1BCDDA0900CA91 /* UnitNegativeTests.swift */ = {isa = PBXFileReference; lastKnownFileType = sourcecode.swift; path = UnitNegativeTests.swift; sourceTree = "<group>"; };
		DDC54AA96E93B5ABA535D695 /* UnitPositiveTests.swift */ = {isa = PBXFileReference; lastKnownFileType = sourcecode.swift; path = UnitPositiveTests.swift; sourceTree = "<group>"; };
		E58D7FE3469640FD437B5909 /* Views.swift */ = {isa = PBXFileReference; lastKnownFileType = sourcecode.swift; path = Views.swift; sourceTree = "<group>"; };
		EDD5C1A7BCAC4E8DC9B69286 /* PomodoroughApp.swift */ = {isa = PBXFileReference; lastKnownFileType = sourcecode.swift; path = PomodoroughApp.swift; sourceTree = "<group>"; };
		EF4A223E38D4969E741D9514 /* PomodoroughTests.xctest */ = {isa = PBXFileReference; includeInIndex = 0; lastKnownFileType = wrapper.cfbundle; path = PomodoroughTests.xctest; sourceTree = BUILT_PRODUCTS_DIR; };
/* End PBXFileReference section */

/* Begin PBXFrameworksBuildPhase section */
		7C678A81D4C65EA124D25E39 /* Frameworks */ = {
			isa = PBXFrameworksBuildPhase;
			buildActionMask = 2147483647;
			files = (
				D71BC324CAE1DF74369577E1 /* GoogleSignIn in Frameworks */,
				AB492C16E7AF250315F8F18C /* GoogleSignInSwift in Frameworks */,
			);
			runOnlyForDeploymentPostprocessing = 0;
		};
		988456C7E5F4DCA0281C5499 /* Frameworks */ = {
			isa = PBXFrameworksBuildPhase;
			buildActionMask = 2147483647;
			files = (
				2BE5CDEF3D373057F72AF294 /* GoogleSignIn in Frameworks */,
				D31A942F600F2AD2BD57150D /* GoogleSignInSwift in Frameworks */,
			);
			runOnlyForDeploymentPostprocessing = 0;
		};
/* End PBXFrameworksBuildPhase section */

/* Begin PBXGroup section */
		0B5585A033F128E98794CA04 /* Sources */ = {
			isa = PBXGroup;
			children = (
				5763B6AA139E86DBCDE4D11C /* APIClient.swift */,
				3D641D6CAC2F40A338AAC120 /* AppModel.swift */,
				3C24F7A45B3B70459A21180A /* GoogleAuthService.swift */,
				CE7E580D67B2F342466E4D82 /* KeychainStore.swift */,
				CF58A4FC46A48C3BEAA7E13E /* Models.swift */,
				EDD5C1A7BCAC4E8DC9B69286 /* PomodoroughApp.swift */,
				6FCD013ABB0FD83204A7E89B /* TimerAlarmScheduler.swift */,
				E58D7FE3469640FD437B5909 /* Views.swift */,
			);
			path = Sources;
			sourceTree = "<group>";
		};
		2161B27974D486AF4BE739FF /* Tests */ = {
			isa = PBXGroup;
			children = (
				7A9EF6C016264040BCC0B92D /* IntegrationNegativeTests.swift */,
				2D751D86A53B99D3A7671C7A /* IntegrationPositiveTests.swift */,
				6DDB19D3B83EA6B9769F9D5E /* TestSupport.swift */,
				DB64ABDE6D1BCDDA0900CA91 /* UnitNegativeTests.swift */,
				DDC54AA96E93B5ABA535D695 /* UnitPositiveTests.swift */,
			);
			path = Tests;
			sourceTree = "<group>";
		};
		780FBA18FDFC7FA9013B67B0 /* Products */ = {
			isa = PBXGroup;
			children = (
				30BB1F81B219C5226BF0B212 /* Pomodorough-iOS.app */,
				A543B78D3746FBC6C1F0A98C /* Pomodorough-macOS.app */,
				EF4A223E38D4969E741D9514 /* PomodoroughTests.xctest */,
			);
			name = Products;
			sourceTree = "<group>";
		};
		98CC3F44141B25B68F91D705 = {
			isa = PBXGroup;
			children = (
				9BBA3A2B7D99B694F81414BB /* Resources */,
				0B5585A033F128E98794CA04 /* Sources */,
				2161B27974D486AF4BE739FF /* Tests */,
				780FBA18FDFC7FA9013B67B0 /* Products */,
			);
			sourceTree = "<group>";
		};
		9BBA3A2B7D99B694F81414BB /* Resources */ = {
			isa = PBXGroup;
			children = (
				A07D519989D4A2F8C108C3BE /* Assets.xcassets */,
			);
			path = Resources;
			sourceTree = "<group>";
		};
/* End PBXGroup section */

/* Begin PBXNativeTarget section */
		5F94B8E83F4F59D6008D79BA /* PomodoroughTests */ = {
			isa = PBXNativeTarget;
			buildConfigurationList = 35361C38ABCF8D53DE3399D6 /* Build configuration list for PBXNativeTarget "PomodoroughTests" */;
			buildPhases = (
				2E552D39078D2DD741AEFBDA /* Sources */,
			);
			buildRules = (
			);
			dependencies = (
				38DE1F78D81D475EDF1C7950 /* PBXTargetDependency */,
			);
			name = PomodoroughTests;
			packageProductDependencies = (
			);
			productName = PomodoroughTests;
			productReference = EF4A223E38D4969E741D9514 /* PomodoroughTests.xctest */;
			productType = "com.apple.product-type.bundle.unit-test";
		};
		7FECCA3328608E810CEF7A7E /* Pomodorough-macOS */ = {
			isa = PBXNativeTarget;
			buildConfigurationList = 5E5B56DBB87443C10DB2AC25 /* Build configuration list for PBXNativeTarget "Pomodorough-macOS" */;
			buildPhases = (
				848862EC2CE1E879D1D5956F /* Sources */,
				7C678A81D4C65EA124D25E39 /* Frameworks */,
			);
			buildRules = (
			);
			dependencies = (
			);
			name = "Pomodorough-macOS";
			packageProductDependencies = (
				7A7020DD3D1717913BB5F1D8 /* GoogleSignIn */,
				35AA0AE6D9C79D57FA24B1BD /* GoogleSignInSwift */,
			);
			productName = "Pomodorough-macOS";
			productReference = A543B78D3746FBC6C1F0A98C /* Pomodorough-macOS.app */;
			productType = "com.apple.product-type.application";
		};
		BEFBBBD85527B968D0F33FCE /* Pomodorough-iOS */ = {
			isa = PBXNativeTarget;
			buildConfigurationList = A8E3D759D674B4DA616D7A6A /* Build configuration list for PBXNativeTarget "Pomodorough-iOS" */;
			buildPhases = (
				8B9C0A55A0821743F133DE75 /* Sources */,
				8BBD8165ECACBC2803BF51D8 /* Resources */,
				988456C7E5F4DCA0281C5499 /* Frameworks */,
			);
			buildRules = (
			);
			dependencies = (
			);
			name = "Pomodorough-iOS";
			packageProductDependencies = (
				1B2F658FFCC6E497932EB5E1 /* GoogleSignIn */,
				0EE041835DA15370CCB79786 /* GoogleSignInSwift */,
			);
			productName = "Pomodorough-iOS";
			productReference = 30BB1F81B219C5226BF0B212 /* Pomodorough-iOS.app */;
			productType = "com.apple.product-type.application";
		};
/* End PBXNativeTarget section */

/* Begin PBXProject section */
		E83323A28E5C29E2DB0C0729 /* Project object */ = {
			isa = PBXProject;
			attributes = {
				BuildIndependentTargetsInParallel = YES;
				LastUpgradeCheck = 1430;
				TargetAttributes = {
					BEFBBBD85527B968D0F33FCE = {
						DevelopmentTeam = MH53GS72RV;
						ProvisioningStyle = Automatic;
					};
				};
			};
			buildConfigurationList = 7DF608F583E22276E3F59FF8 /* Build configuration list for PBXProject "Pomodorough" */;
			developmentRegion = en;
			hasScannedForEncodings = 0;
			knownRegions = (
				Base,
				en,
			);
			mainGroup = 98CC3F44141B25B68F91D705;
			minimizedProjectReferenceProxies = 1;
			packageReferences = (
				4C30AC0E84504D8D3B3E3A3A /* XCRemoteSwiftPackageReference "GoogleSignIn-iOS" */,
			);
			preferredProjectObjectVersion = 77;
			productRefGroup = 780FBA18FDFC7FA9013B67B0 /* Products */;
			projectDirPath = "";
			projectRoot = "";
			targets = (
				BEFBBBD85527B968D0F33FCE /* Pomodorough-iOS */,
				7FECCA3328608E810CEF7A7E /* Pomodorough-macOS */,
				5F94B8E83F4F59D6008D79BA /* PomodoroughTests */,
			);
		};
/* End PBXProject section */

/* Begin PBXResourcesBuildPhase section */
		8BBD8165ECACBC2803BF51D8 /* Resources */ = {
			isa = PBXResourcesBuildPhase;
			buildActionMask = 2147483647;
			files = (
				C0725FE9385C24B7F5C728E8 /* Assets.xcassets in Resources */,
			);
			runOnlyForDeploymentPostprocessing = 0;
		};
/* End PBXResourcesBuildPhase section */

/* Begin PBXSourcesBuildPhase section */
		2E552D39078D2DD741AEFBDA /* Sources */ = {
			isa = PBXSourcesBuildPhase;
			buildActionMask = 2147483647;
			files = (
				98B4B39B908271919830386D /* IntegrationNegativeTests.swift in Sources */,
				3FFA600ACA6A8AA43B56AF17 /* IntegrationPositiveTests.swift in Sources */,
				A8A4A9DDE702DE6C2EB47885 /* TestSupport.swift in Sources */,
				25D823E92068B5ED728F0BA2 /* UnitNegativeTests.swift in Sources */,
				05ADF2030E5861781198DA1B /* UnitPositiveTests.swift in Sources */,
			);
			runOnlyForDeploymentPostprocessing = 0;
		};
		848862EC2CE1E879D1D5956F /* Sources */ = {
			isa = PBXSourcesBuildPhase;
			buildActionMask = 2147483647;
			files = (
				94DAD594DE4C0DDB7BC40D7A /* APIClient.swift in Sources */,
				5C5F3C5C652265C7C81ACB31 /* AppModel.swift in Sources */,
				6489DB8DEDA781EDD7C19DF6 /* GoogleAuthService.swift in Sources */,
				DE4287D68F65F02C32291ED7 /* KeychainStore.swift in Sources */,
				471AC410750E1BBBB89BDBDC /* Models.swift in Sources */,
				B2295D5A227E68C6503F6D36 /* PomodoroughApp.swift in Sources */,
				E8586324CE793E09F7EDC876 /* TimerAlarmScheduler.swift in Sources */,
				AD39F854C2880ADC57743E1F /* Views.swift in Sources */,
			);
			runOnlyForDeploymentPostprocessing = 0;
		};
		8B9C0A55A0821743F133DE75 /* Sources */ = {
			isa = PBXSourcesBuildPhase;
			buildActionMask = 2147483647;
			files = (
				83CBB05092621687C1CD6752 /* APIClient.swift in Sources */,
				D33FAB5D214DE97A6B1B9AC7 /* AppModel.swift in Sources */,
				A77B9E5B4D71B5AD19D2D931 /* GoogleAuthService.swift in Sources */,
				F96B0C5F596F1D64DE3D07D7 /* KeychainStore.swift in Sources */,
				B07D8AF9405E6B21B227E084 /* Models.swift in Sources */,
				58D9FB99984C3C9DE6B8E2A5 /* PomodoroughApp.swift in Sources */,
				8FCBB3E45762191D6D5DB0E0 /* TimerAlarmScheduler.swift in Sources */,
				F3DC0C00F8130BAE92CCC641 /* Views.swift in Sources */,
			);
			runOnlyForDeploymentPostprocessing = 0;
		};
/* End PBXSourcesBuildPhase section */

/* Begin PBXTargetDependency section */
		38DE1F78D81D475EDF1C7950 /* PBXTargetDependency */ = {
			isa = PBXTargetDependency;
			target = BEFBBBD85527B968D0F33FCE /* Pomodorough-iOS */;
			targetProxy = 6091EC0A6291BF0D6B934DC7 /* PBXContainerItemProxy */;
		};
/* End PBXTargetDependency section */

/* Begin XCBuildConfiguration section */
		05E80488E4064B86C4442A9B /* Release */ = {
			isa = XCBuildConfiguration;
			buildSettings = {
				ASSETCATALOG_COMPILER_APPICON_NAME = AppIcon;
				CODE_SIGN_IDENTITY = "iPhone Developer";
				CODE_SIGN_STYLE = Automatic;
				DEVELOPMENT_TEAM = MH53GS72RV;
				INFOPLIST_FILE = "Supporting/iOS-Info.plist";
				LD_RUNPATH_SEARCH_PATHS = (
					"$(inherited)",
					"@executable_path/Frameworks",
				);
				PRODUCT_BUNDLE_IDENTIFIER = me.egigoka.pomodorough;
				PRODUCT_NAME = Pomodorough;
				SDKROOT = iphoneos;
				TARGETED_DEVICE_FAMILY = "1,2";
			};
			name = Release;
		};
		38FC648CAADB4947510EC6F7 /* Debug */ = {
			isa = XCBuildConfiguration;
			buildSettings = {
				ASSETCATALOG_COMPILER_APPICON_NAME = AppIcon;
				CODE_SIGN_IDENTITY = "iPhone Developer";
				CODE_SIGN_STYLE = Automatic;
				DEVELOPMENT_TEAM = MH53GS72RV;
				INFOPLIST_FILE = "Supporting/iOS-Info.plist";
				LD_RUNPATH_SEARCH_PATHS = (
					"$(inherited)",
					"@executable_path/Frameworks",
				);
				PRODUCT_BUNDLE_IDENTIFIER = me.egigoka.pomodorough;
				PRODUCT_NAME = Pomodorough;
				SDKROOT = iphoneos;
				TARGETED_DEVICE_FAMILY = "1,2";
			};
			name = Debug;
		};
		43D7555DC504CB28460BD24A /* Debug */ = {
			isa = XCBuildConfiguration;
			buildSettings = {
				BUNDLE_LOADER = "$(TEST_HOST)";
				GENERATE_INFOPLIST_FILE = YES;
				LD_RUNPATH_SEARCH_PATHS = (
					"$(inherited)",
					"@executable_path/Frameworks",
					"@loader_path/Frameworks",
				);
				PRODUCT_BUNDLE_IDENTIFIER = me.egigoka.pomodorough.tests;
				SDKROOT = iphoneos;
				TARGETED_DEVICE_FAMILY = "1,2";
				TEST_HOST = "$(BUILT_PRODUCTS_DIR)/Pomodorough.app/Pomodorough";
			};
			name = Debug;
		};
		882836C006FEBA161513EA50 /* Debug */ = {
			isa = XCBuildConfiguration;
			buildSettings = {
				ALWAYS_SEARCH_USER_PATHS = NO;
				CLANG_ANALYZER_NONNULL = YES;
				CLANG_ANALYZER_NUMBER_OBJECT_CONVERSION = YES_AGGRESSIVE;
				CLANG_CXX_LANGUAGE_STANDARD = "gnu++14";
				CLANG_CXX_LIBRARY = "libc++";
				CLANG_ENABLE_MODULES = YES;
				CLANG_ENABLE_OBJC_ARC = YES;
				CLANG_ENABLE_OBJC_WEAK = YES;
				CLANG_WARN_BLOCK_CAPTURE_AUTORELEASING = YES;
				CLANG_WARN_BOOL_CONVERSION = YES;
				CLANG_WARN_COMMA = YES;
				CLANG_WARN_CONSTANT_CONVERSION = YES;
				CLANG_WARN_DEPRECATED_OBJC_IMPLEMENTATIONS = YES;
				CLANG_WARN_DIRECT_OBJC_ISA_USAGE = YES_ERROR;
				CLANG_WARN_DOCUMENTATION_COMMENTS = YES;
				CLANG_WARN_EMPTY_BODY = YES;
				CLANG_WARN_ENUM_CONVERSION = YES;
				CLANG_WARN_INFINITE_RECURSION = YES;
				CLANG_WARN_INT_CONVERSION = YES;
				CLANG_WARN_NON_LITERAL_NULL_CONVERSION = YES;
				CLANG_WARN_OBJC_IMPLICIT_RETAIN_SELF = YES;
				CLANG_WARN_OBJC_LITERAL_CONVERSION = YES;
				CLANG_WARN_OBJC_ROOT_CLASS = YES_ERROR;
				CLANG_WARN_QUOTED_INCLUDE_IN_FRAMEWORK_HEADER = YES;
				CLANG_WARN_RANGE_LOOP_ANALYSIS = YES;
				CLANG_WARN_STRICT_PROTOTYPES = YES;
				CLANG_WARN_SUSPICIOUS_MOVE = YES;
				CLANG_WARN_UNGUARDED_AVAILABILITY = YES_AGGRESSIVE;
				CLANG_WARN_UNREACHABLE_CODE = YES;
				CLANG_WARN__DUPLICATE_METHOD_MATCH = YES;
				COPY_PHASE_STRIP = NO;
				CURRENT_PROJECT_VERSION = 1;
				DEBUG_INFORMATION_FORMAT = dwarf;
				ENABLE_STRICT_OBJC_MSGSEND = YES;
				ENABLE_TESTABILITY = YES;
				GCC_C_LANGUAGE_STANDARD = gnu11;
				GCC_DYNAMIC_NO_PIC = NO;
				GCC_NO_COMMON_BLOCKS = YES;
				GCC_OPTIMIZATION_LEVEL = 0;
				GCC_PREPROCESSOR_DEFINITIONS = (
					"$(inherited)",
					"DEBUG=1",
				);
				GCC_WARN_64_TO_32_BIT_CONVERSION = YES;
				GCC_WARN_ABOUT_RETURN_TYPE = YES_ERROR;
				GCC_WARN_UNDECLARED_SELECTOR = YES;
				GCC_WARN_UNINITIALIZED_AUTOS = YES_AGGRESSIVE;
				GCC_WARN_UNUSED_FUNCTION = YES;
				GCC_WARN_UNUSED_VARIABLE = YES;
				GOOGLE_CLIENT_ID = "614768274539-7pql3pdu31c8fctsp5ekdc3v2ej8isnr.apps.googleusercontent.com";
				GOOGLE_REVERSED_CLIENT_ID = "com.googleusercontent.apps.614768274539-7pql3pdu31c8fctsp5ekdc3v2ej8isnr";
				IPHONEOS_DEPLOYMENT_TARGET = 17.0;
				MACOSX_DEPLOYMENT_TARGET = 14.0;
				MARKETING_VERSION = 1.0;
				MTL_ENABLE_DEBUG_INFO = INCLUDE_SOURCE;
				MTL_FAST_MATH = YES;
				ONLY_ACTIVE_ARCH = YES;
				PRODUCT_NAME = "$(TARGET_NAME)";
				SWIFT_ACTIVE_COMPILATION_CONDITIONS = DEBUG;
				SWIFT_OPTIMIZATION_LEVEL = "-Onone";
				SWIFT_STRICT_CONCURRENCY = complete;
				SWIFT_VERSION = 6.0;
			};
			name = Debug;
		};
		993C88C9713089F5D9847E93 /* Debug */ = {
			isa = XCBuildConfiguration;
			buildSettings = {
				ASSETCATALOG_COMPILER_APPICON_NAME = AppIcon;
				CODE_SIGN_ENTITLEMENTS = "Pomodorough-macOS.entitlements";
				COMBINE_HIDPI_IMAGES = YES;
				INFOPLIST_FILE = "Supporting/macOS-Info.plist";
				LD_RUNPATH_SEARCH_PATHS = (
					"$(inherited)",
					"@executable_path/../Frameworks",
				);
				PRODUCT_BUNDLE_IDENTIFIER = me.egigoka.pomodorough.mac;
				PRODUCT_NAME = Pomodorough;
				SDKROOT = macosx;
			};
			name = Debug;
		};
		A56E2F6E4E4DADE201095F41 /* Release */ = {
			isa = XCBuildConfiguration;
			buildSettings = {
				ASSETCATALOG_COMPILER_APPICON_NAME = AppIcon;
				CODE_SIGN_ENTITLEMENTS = "Pomodorough-macOS.entitlements";
				COMBINE_HIDPI_IMAGES = YES;
				INFOPLIST_FILE = "Supporting/macOS-Info.plist";
				LD_RUNPATH_SEARCH_PATHS = (
					"$(inherited)",
					"@executable_path/../Frameworks",
				);
				PRODUCT_BUNDLE_IDENTIFIER = me.egigoka.pomodorough.mac;
				PRODUCT_NAME = Pomodorough;
				SDKROOT = macosx;
			};
			name = Release;
		};
		B76DB2474B8C40EB6EB7382A /* Release */ = {
			isa = XCBuildConfiguration;
			buildSettings = {
				ALWAYS_SEARCH_USER_PATHS = NO;
				CLANG_ANALYZER_NONNULL = YES;
				CLANG_ANALYZER_NUMBER_OBJECT_CONVERSION = YES_AGGRESSIVE;
				CLANG_CXX_LANGUAGE_STANDARD = "gnu++14";
				CLANG_CXX_LIBRARY = "libc++";
				CLANG_ENABLE_MODULES = YES;
				CLANG_ENABLE_OBJC_ARC = YES;
				CLANG_ENABLE_OBJC_WEAK = YES;
				CLANG_WARN_BLOCK_CAPTURE_AUTORELEASING = YES;
				CLANG_WARN_BOOL_CONVERSION = YES;
				CLANG_WARN_COMMA = YES;
				CLANG_WARN_CONSTANT_CONVERSION = YES;
				CLANG_WARN_DEPRECATED_OBJC_IMPLEMENTATIONS = YES;
				CLANG_WARN_DIRECT_OBJC_ISA_USAGE = YES_ERROR;
				CLANG_WARN_DOCUMENTATION_COMMENTS = YES;
				CLANG_WARN_EMPTY_BODY = YES;
				CLANG_WARN_ENUM_CONVERSION = YES;
				CLANG_WARN_INFINITE_RECURSION = YES;
				CLANG_WARN_INT_CONVERSION = YES;
				CLANG_WARN_NON_LITERAL_NULL_CONVERSION = YES;
				CLANG_WARN_OBJC_IMPLICIT_RETAIN_SELF = YES;
				CLANG_WARN_OBJC_LITERAL_CONVERSION = YES;
				CLANG_WARN_OBJC_ROOT_CLASS = YES_ERROR;
				CLANG_WARN_QUOTED_INCLUDE_IN_FRAMEWORK_HEADER = YES;
				CLANG_WARN_RANGE_LOOP_ANALYSIS = YES;
				CLANG_WARN_STRICT_PROTOTYPES = YES;
				CLANG_WARN_SUSPICIOUS_MOVE = YES;
				CLANG_WARN_UNGUARDED_AVAILABILITY = YES_AGGRESSIVE;
				CLANG_WARN_UNREACHABLE_CODE = YES;
				CLANG_WARN__DUPLICATE_METHOD_MATCH = YES;
				COPY_PHASE_STRIP = NO;
				CURRENT_PROJECT_VERSION = 1;
				DEBUG_INFORMATION_FORMAT = "dwarf-with-dsym";
				ENABLE_NS_ASSERTIONS = NO;
				ENABLE_STRICT_OBJC_MSGSEND = YES;
				GCC_C_LANGUAGE_STANDARD = gnu11;
				GCC_NO_COMMON_BLOCKS = YES;
				GCC_WARN_64_TO_32_BIT_CONVERSION = YES;
				GCC_WARN_ABOUT_RETURN_TYPE = YES_ERROR;
				GCC_WARN_UNDECLARED_SELECTOR = YES;
				GCC_WARN_UNINITIALIZED_AUTOS = YES_AGGRESSIVE;
				GCC_WARN_UNUSED_FUNCTION = YES;
				GCC_WARN_UNUSED_VARIABLE = YES;
				GOOGLE_CLIENT_ID = "614768274539-7pql3pdu31c8fctsp5ekdc3v2ej8isnr.apps.googleusercontent.com";
				GOOGLE_REVERSED_CLIENT_ID = "com.googleusercontent.apps.614768274539-7pql3pdu31c8fctsp5ekdc3v2ej8isnr";
				IPHONEOS_DEPLOYMENT_TARGET = 17.0;
				MACOSX_DEPLOYMENT_TARGET = 14.0;
				MARKETING_VERSION = 1.0;
				MTL_ENABLE_DEBUG_INFO = NO;
				MTL_FAST_MATH = YES;
				PRODUCT_NAME = "$(TARGET_NAME)";
				SWIFT_COMPILATION_MODE = wholemodule;
				SWIFT_OPTIMIZATION_LEVEL = "-O";
				SWIFT_STRICT_CONCURRENCY = complete;
				SWIFT_VERSION = 6.0;
			};
			name = Release;
		};
		CDF05B9C9557202B0E4108A2 /* Release */ = {
			isa = XCBuildConfiguration;
			buildSettings = {
				BUNDLE_LOADER = "$(TEST_HOST)";
				GENERATE_INFOPLIST_FILE = YES;
				LD_RUNPATH_SEARCH_PATHS = (
					"$(inherited)",
					"@executable_path/Frameworks",
					"@loader_path/Frameworks",
				);
				PRODUCT_BUNDLE_IDENTIFIER = me.egigoka.pomodorough.tests;
				SDKROOT = iphoneos;
				TARGETED_DEVICE_FAMILY = "1,2";
				TEST_HOST = "$(BUILT_PRODUCTS_DIR)/Pomodorough.app/Pomodorough";
			};
			name = Release;
		};
/* End XCBuildConfiguration section */

/* Begin XCConfigurationList section */
		35361C38ABCF8D53DE3399D6 /* Build configuration list for PBXNativeTarget "PomodoroughTests" */ = {
			isa = XCConfigurationList;
			buildConfigurations = (
				43D7555DC504CB28460BD24A /* Debug */,
				CDF05B9C9557202B0E4108A2 /* Release */,
			);
			defaultConfigurationIsVisible = 0;
			defaultConfigurationName = Debug;
		};
		5E5B56DBB87443C10DB2AC25 /* Build configuration list for PBXNativeTarget "Pomodorough-macOS" */ = {
			isa = XCConfigurationList;
			buildConfigurations = (
				993C88C9713089F5D9847E93 /* Debug */,
				A56E2F6E4E4DADE201095F41 /* Release */,
			);
			defaultConfigurationIsVisible = 0;
			defaultConfigurationName = Debug;
		};
		7DF608F583E22276E3F59FF8 /* Build configuration list for PBXProject "Pomodorough" */ = {
			isa = XCConfigurationList;
			buildConfigurations = (
				882836C006FEBA161513EA50 /* Debug */,
				B76DB2474B8C40EB6EB7382A /* Release */,
			);
			defaultConfigurationIsVisible = 0;
			defaultConfigurationName = Debug;
		};
		A8E3D759D674B4DA616D7A6A /* Build configuration list for PBXNativeTarget "Pomodorough-iOS" */ = {
			isa = XCConfigurationList;
			buildConfigurations = (
				38FC648CAADB4947510EC6F7 /* Debug */,
				05E80488E4064B86C4442A9B /* Release */,
			);
			defaultConfigurationIsVisible = 0;
			defaultConfigurationName = Debug;
		};
/* End XCConfigurationList section */

/* Begin XCRemoteSwiftPackageReference section */
		4C30AC0E84504D8D3B3E3A3A /* XCRemoteSwiftPackageReference "GoogleSignIn-iOS" */ = {
			isa = XCRemoteSwiftPackageReference;
			repositoryURL = "https://github.com/google/GoogleSignIn-iOS.git";
			requirement = {
				kind = upToNextMajorVersion;
				minimumVersion = 9.2.0;
			};
		};
/* End XCRemoteSwiftPackageReference section */

/* Begin XCSwiftPackageProductDependency section */
		0EE041835DA15370CCB79786 /* GoogleSignInSwift */ = {
			isa = XCSwiftPackageProductDependency;
			package = 4C30AC0E84504D8D3B3E3A3A /* XCRemoteSwiftPackageReference "GoogleSignIn-iOS" */;
			productName = GoogleSignInSwift;
		};
		1B2F658FFCC6E497932EB5E1 /* GoogleSignIn */ = {
			isa = XCSwiftPackageProductDependency;
			package = 4C30AC0E84504D8D3B3E3A3A /* XCRemoteSwiftPackageReference "GoogleSignIn-iOS" */;
			productName = GoogleSignIn;
		};
		35AA0AE6D9C79D57FA24B1BD /* GoogleSignInSwift */ = {
			isa = XCSwiftPackageProductDependency;
			package = 4C30AC0E84504D8D3B3E3A3A /* XCRemoteSwiftPackageReference "GoogleSignIn-iOS" */;
			productName = GoogleSignInSwift;
		};
		7A7020DD3D1717913BB5F1D8 /* GoogleSignIn */ = {
			isa = XCSwiftPackageProductDependency;
			package = 4C30AC0E84504D8D3B3E3A3A /* XCRemoteSwiftPackageReference "GoogleSignIn-iOS" */;
			productName = GoogleSignIn;
		};
/* End XCSwiftPackageProductDependency section */
	};
	rootObject = E83323A28E5C29E2DB0C0729 /* Project object */;
}
